
Microsoft Visual Studio Solution File, Format Version 11.00
# Visual Studio 2010
Project("{FAE04EC0-301F-11D3-BF4B-00C04F79EFBC}") = "RateMyAmenity", "RateMyAmenity\RateMyAmenity.csproj", "{C96A5FD5-5973-451F-A466-1932E2C53EEC}"
EndProject
Project("{FAE04EC0-301F-11D3-BF4B-00C04F79EFBC}") = "CSVParserTest", "CSVParserTest\CSVParserTest.csproj", "{01E03276-8B8A-4053-99CC-D40F2DC11BD4}"
EndProject
Project("{2150E333-8FDC-42A3-9474-1A3956D46DE8}") = "Solution Items", "Solution Items", "{100D510E-8E07-4983-A7E6-A7C62EBBC8C2}"
	ProjectSection(SolutionItems) = preProject
		Local.testsettings = Local.testsettings
		RateMyAmenity.vsmdi = RateMyAmenity.vsmdi
		TraceAndTestImpact.testsettings = TraceAndTestImpact.testsettings
	EndProjectSection
EndProject
Global
	GlobalSection(TestCaseManagementSettings) = postSolution
		CategoryFile = RateMyAmenity.vsmdi
	EndGlobalSection
	GlobalSection(SolutionConfigurationPlatforms) = preSolution
		Debug|Any CPU = Debug|Any CPU
		Release|Any CPU = Release|Any CPU
	EndGlobalSection
	GlobalSection(ProjectConfigurationPlatforms) = postSolution
		{C96A5FD5-5973-451F-A466-1932E2C53EEC}.Debug|Any CPU.ActiveCfg = Debug|Any CPU
		{C96A5FD5-5973-451F-A466-1932E2C53EEC}.Debug|Any CPU.Build.0 = Debug|Any CPU
		{C96A5FD5-5973-451F-A466-1932E2C53EEC}.Release|Any CPU.ActiveCfg = Release|Any CPU
		{C96A5FD5-5973-451F-A466-1932E2C53EEC}.Release|Any CPU.Build.0 = Release|Any CPU
		{01E03276-8B8A-4053-99CC-D40F2DC11BD4}.Debug|Any CPU.ActiveCfg = Debug|Any CPU
		{01E03276-8B8A-4053-99CC-D40F2DC11BD4}.Debug|Any CPU.Build.0 = Debug|Any CPU
		{01E03276-8B8A-4053-99CC-D40F2DC11BD4}.Release|Any CPU.ActiveCfg = Release|Any CPU
		{01E03276-8B8A-4053-99CC-D40F2DC11BD4}.Release|Any CPU.Build.0 = Release|Any CPU
	EndGlobalSection
	GlobalSection(SolutionProperties) = preSolution
		HideSolutionNode = FALSE
	EndGlobalSection
EndGlobal
