
Microsoft Visual Studio Solution File, Format Version 11.00
# Visual Studio 2010
Project("{FAE04EC0-301F-11D3-BF4B-00C04F79EFBC}") = "RateMyAmenity", "RateMyAmenity\RateMyAmenity.csproj", "{C96A5FD5-5973-451F-A466-1932E2C53EEC}"
EndProject
Global
	GlobalSection(SolutionConfigurationPlatforms) = preSolution
		Debug|Any CPU = Debug|Any CPU
		Release|Any CPU = Release|Any CPU
	EndGlobalSection
	GlobalSection(ProjectConfigurationPlatforms) = postSolution
		{C96A5FD5-5973-451F-A466-1932E2C53EEC}.Debug|Any CPU.ActiveCfg = Debug|Any CPU
		{C96A5FD5-5973-451F-A466-1932E2C53EEC}.Debug|Any CPU.Build.0 = Debug|Any CPU
		{C96A5FD5-5973-451F-A466-1932E2C53EEC}.Release|Any CPU.ActiveCfg = Release|Any CPU
		{C96A5FD5-5973-451F-A466-1932E2C53EEC}.Release|Any CPU.Build.0 = Release|Any CPU
	EndGlobalSection
	GlobalSection(SolutionProperties) = preSolution
		HideSolutionNode = FALSE
	EndGlobalSection
EndGlobal
