
Microsoft Visual Studio Solution File, Format Version 11.00
# Visual Studio 2010
Project("{FAE04EC0-301F-11D3-BF4B-00C04F79EFBC}") = "Amenity", "Amenity\Amenity.csproj", "{7961E66B-A2F9-4E48-B945-94ABB26B9B63}"
EndProject
Project("{FAE04EC0-301F-11D3-BF4B-00C04F79EFBC}") = "Amenity.Tests", "Amenity.Tests\Amenity.Tests.csproj", "{61DAAE87-20C3-4378-8EF6-AD1060C9C7A8}"
EndProject
Global
	GlobalSection(SolutionConfigurationPlatforms) = preSolution
		Debug|Any CPU = Debug|Any CPU
		Release|Any CPU = Release|Any CPU
	EndGlobalSection
	GlobalSection(ProjectConfigurationPlatforms) = postSolution
		{7961E66B-A2F9-4E48-B945-94ABB26B9B63}.Debug|Any CPU.ActiveCfg = Debug|Any CPU
		{7961E66B-A2F9-4E48-B945-94ABB26B9B63}.Debug|Any CPU.Build.0 = Debug|Any CPU
		{7961E66B-A2F9-4E48-B945-94ABB26B9B63}.Release|Any CPU.ActiveCfg = Release|Any CPU
		{7961E66B-A2F9-4E48-B945-94ABB26B9B63}.Release|Any CPU.Build.0 = Release|Any CPU
		{61DAAE87-20C3-4378-8EF6-AD1060C9C7A8}.Debug|Any CPU.ActiveCfg = Debug|Any CPU
		{61DAAE87-20C3-4378-8EF6-AD1060C9C7A8}.Debug|Any CPU.Build.0 = Debug|Any CPU
		{61DAAE87-20C3-4378-8EF6-AD1060C9C7A8}.Release|Any CPU.ActiveCfg = Release|Any CPU
		{61DAAE87-20C3-4378-8EF6-AD1060C9C7A8}.Release|Any CPU.Build.0 = Release|Any CPU
	EndGlobalSection
	GlobalSection(SolutionProperties) = preSolution
		HideSolutionNode = FALSE
	EndGlobalSection
EndGlobal
